
Microsoft Visual Studio Solution File, Format Version 12.00
# Visual Studio Version 17
VisualStudioVersion = 17.11.35312.102
MinimumVisualStudioVersion = 10.0.40219.1
Project("{2150E333-8FDC-42A3-9474-1A3956D46DE8}") = "Task0", "Task0", "{1EA52306-E064-4E7A-89C7-53370D965CA2}"
EndProject
Project("{9A19103F-16F7-4668-BE54-9A1E7A4F7556}") = "Tyuiu.FedorovaDA.Sprint6.Task0.V2.Lib", "Tyuiu.FedorovaDA.Sprint6.Task0.V2.Lib\Tyuiu.FedorovaDA.Sprint6.Task0.V2.Lib.csproj", "{B679F5BD-86BE-4E9E-933A-34204F548FEB}"
EndProject
Project("{9A19103F-16F7-4668-BE54-9A1E7A4F7556}") = "Tyuiu.FedorovaDA.Sprint6.Task0.V2.Test", "Tyuiu.FedorovaDA.Sprint6.Task0.V2.Test\Tyuiu.FedorovaDA.Sprint6.Task0.V2.Test.csproj", "{3C8A5CF5-B545-4EFE-BAA8-54C8EB9A6825}"
EndProject
Project("{9A19103F-16F7-4668-BE54-9A1E7A4F7556}") = "Tyuiu.FedorovaDA.Sprint6.Task0.V2", "Tyuiu.FedorovaDA.Sprint6.Task0.V2\Tyuiu.FedorovaDA.Sprint6.Task0.V2.csproj", "{4D1A0C41-7508-4E5B-9DDC-32DB966DC4F1}"
EndProject
Project("{2150E333-8FDC-42A3-9474-1A3956D46DE8}") = "Task1", "Task1", "{FB18D9AF-E36B-4342-AAA9-3558764521EE}"
EndProject
Project("{FAE04EC0-301F-11D3-BF4B-00C04F79EFBC}") = "Tyuiu.FedorovaDA.Sprint6.Task1.V22", "Tyuiu.FedorovaDA.Sprint6.Task1.V22\Tyuiu.FedorovaDA.Sprint6.Task1.V22.csproj", "{7132D3A3-A122-451D-A3F1-8F392F55288D}"
EndProject
Project("{FAE04EC0-301F-11D3-BF4B-00C04F79EFBC}") = "Tyuiu.FedorovaDA.Sprint6.Task1.V22.Lib", "Tyuiu.FedorovaDA.Sprint6.Task1.V22.Lib\Tyuiu.FedorovaDA.Sprint6.Task1.V22.Lib.csproj", "{0ACFF989-6E95-40A2-A293-FAB770D72AFA}"
EndProject
Project("{FAE04EC0-301F-11D3-BF4B-00C04F79EFBC}") = "Tyuiu.FedorovaDA.Sprint6.Task1.V22.Test", "Tyuiu.FedorovaDA.Sprint6.Task1.V22.Test\Tyuiu.FedorovaDA.Sprint6.Task1.V22.Test.csproj", "{613649F6-3B97-4D65-9EA3-620DC76E260B}"
EndProject
Global
	GlobalSection(SolutionConfigurationPlatforms) = preSolution
		Debug|Any CPU = Debug|Any CPU
		Release|Any CPU = Release|Any CPU
	EndGlobalSection
	GlobalSection(ProjectConfigurationPlatforms) = postSolution
		{B679F5BD-86BE-4E9E-933A-34204F548FEB}.Debug|Any CPU.ActiveCfg = Debug|Any CPU
		{B679F5BD-86BE-4E9E-933A-34204F548FEB}.Debug|Any CPU.Build.0 = Debug|Any CPU
		{B679F5BD-86BE-4E9E-933A-34204F548FEB}.Release|Any CPU.ActiveCfg = Release|Any CPU
		{B679F5BD-86BE-4E9E-933A-34204F548FEB}.Release|Any CPU.Build.0 = Release|Any CPU
		{3C8A5CF5-B545-4EFE-BAA8-54C8EB9A6825}.Debug|Any CPU.ActiveCfg = Debug|Any CPU
		{3C8A5CF5-B545-4EFE-BAA8-54C8EB9A6825}.Debug|Any CPU.Build.0 = Debug|Any CPU
		{3C8A5CF5-B545-4EFE-BAA8-54C8EB9A6825}.Release|Any CPU.ActiveCfg = Release|Any CPU
		{3C8A5CF5-B545-4EFE-BAA8-54C8EB9A6825}.Release|Any CPU.Build.0 = Release|Any CPU
		{4D1A0C41-7508-4E5B-9DDC-32DB966DC4F1}.Debug|Any CPU.ActiveCfg = Debug|Any CPU
		{4D1A0C41-7508-4E5B-9DDC-32DB966DC4F1}.Debug|Any CPU.Build.0 = Debug|Any CPU
		{4D1A0C41-7508-4E5B-9DDC-32DB966DC4F1}.Release|Any CPU.ActiveCfg = Release|Any CPU
		{4D1A0C41-7508-4E5B-9DDC-32DB966DC4F1}.Release|Any CPU.Build.0 = Release|Any CPU
		{7132D3A3-A122-451D-A3F1-8F392F55288D}.Debug|Any CPU.ActiveCfg = Debug|Any CPU
		{7132D3A3-A122-451D-A3F1-8F392F55288D}.Debug|Any CPU.Build.0 = Debug|Any CPU
		{7132D3A3-A122-451D-A3F1-8F392F55288D}.Release|Any CPU.ActiveCfg = Release|Any CPU
		{7132D3A3-A122-451D-A3F1-8F392F55288D}.Release|Any CPU.Build.0 = Release|Any CPU
		{0ACFF989-6E95-40A2-A293-FAB770D72AFA}.Debug|Any CPU.ActiveCfg = Debug|Any CPU
		{0ACFF989-6E95-40A2-A293-FAB770D72AFA}.Debug|Any CPU.Build.0 = Debug|Any CPU
		{0ACFF989-6E95-40A2-A293-FAB770D72AFA}.Release|Any CPU.ActiveCfg = Release|Any CPU
		{0ACFF989-6E95-40A2-A293-FAB770D72AFA}.Release|Any CPU.Build.0 = Release|Any CPU
		{613649F6-3B97-4D65-9EA3-620DC76E260B}.Debug|Any CPU.ActiveCfg = Debug|Any CPU
		{613649F6-3B97-4D65-9EA3-620DC76E260B}.Debug|Any CPU.Build.0 = Debug|Any CPU
		{613649F6-3B97-4D65-9EA3-620DC76E260B}.Release|Any CPU.ActiveCfg = Release|Any CPU
		{613649F6-3B97-4D65-9EA3-620DC76E260B}.Release|Any CPU.Build.0 = Release|Any CPU
	EndGlobalSection
	GlobalSection(SolutionProperties) = preSolution
		HideSolutionNode = FALSE
	EndGlobalSection
	GlobalSection(NestedProjects) = preSolution
		{B679F5BD-86BE-4E9E-933A-34204F548FEB} = {1EA52306-E064-4E7A-89C7-53370D965CA2}
		{3C8A5CF5-B545-4EFE-BAA8-54C8EB9A6825} = {1EA52306-E064-4E7A-89C7-53370D965CA2}
		{4D1A0C41-7508-4E5B-9DDC-32DB966DC4F1} = {1EA52306-E064-4E7A-89C7-53370D965CA2}
		{7132D3A3-A122-451D-A3F1-8F392F55288D} = {FB18D9AF-E36B-4342-AAA9-3558764521EE}
		{0ACFF989-6E95-40A2-A293-FAB770D72AFA} = {FB18D9AF-E36B-4342-AAA9-3558764521EE}
		{613649F6-3B97-4D65-9EA3-620DC76E260B} = {FB18D9AF-E36B-4342-AAA9-3558764521EE}
	EndGlobalSection
	GlobalSection(ExtensibilityGlobals) = postSolution
		SolutionGuid = {62FF1796-0E6D-437F-ABB9-58613C00EC33}
	EndGlobalSection
EndGlobal
