
Microsoft Visual Studio Solution File, Format Version 12.00
# Visual Studio Version 17
VisualStudioVersion = 17.11.35312.102
MinimumVisualStudioVersion = 10.0.40219.1
Project("{2150E333-8FDC-42A3-9474-1A3956D46DE8}") = "Task0", "Task0", "{1EA52306-E064-4E7A-89C7-53370D965CA2}"
EndProject
Project("{9A19103F-16F7-4668-BE54-9A1E7A4F7556}") = "Tyuiu.FedorovaDA.Sprint6.Task0.V2.Lib", "Tyuiu.FedorovaDA.Sprint6.Task0.V2.Lib\Tyuiu.FedorovaDA.Sprint6.Task0.V2.Lib.csproj", "{B679F5BD-86BE-4E9E-933A-34204F548FEB}"
EndProject
Project("{9A19103F-16F7-4668-BE54-9A1E7A4F7556}") = "Tyuiu.FedorovaDA.Sprint6.Task0.V2.Test", "Tyuiu.FedorovaDA.Sprint6.Task0.V2.Test\Tyuiu.FedorovaDA.Sprint6.Task0.V2.Test.csproj", "{3C8A5CF5-B545-4EFE-BAA8-54C8EB9A6825}"
EndProject
Project("{9A19103F-16F7-4668-BE54-9A1E7A4F7556}") = "Tyuiu.FedorovaDA.Sprint6.Task0.V2", "Tyuiu.FedorovaDA.Sprint6.Task0.V2\Tyuiu.FedorovaDA.Sprint6.Task0.V2.csproj", "{4D1A0C41-7508-4E5B-9DDC-32DB966DC4F1}"
EndProject
Project("{2150E333-8FDC-42A3-9474-1A3956D46DE8}") = "Task1", "Task1", "{FB18D9AF-E36B-4342-AAA9-3558764521EE}"
EndProject
Project("{9A19103F-16F7-4668-BE54-9A1E7A4F7556}") = "Tyuiu.FedorovaDA.Sprint6.Task1.V22", "Tyuiu.FedorovaDA.Sprint6.Task1.V22\Tyuiu.FedorovaDA.Sprint6.Task1.V22.csproj", "{7132D3A3-A122-451D-A3F1-8F392F55288D}"
EndProject
Project("{9A19103F-16F7-4668-BE54-9A1E7A4F7556}") = "Tyuiu.FedorovaDA.Sprint6.Task1.V22.Lib", "Tyuiu.FedorovaDA.Sprint6.Task1.V22.Lib\Tyuiu.FedorovaDA.Sprint6.Task1.V22.Lib.csproj", "{0ACFF989-6E95-40A2-A293-FAB770D72AFA}"
EndProject
Project("{9A19103F-16F7-4668-BE54-9A1E7A4F7556}") = "Tyuiu.FedorovaDA.Sprint6.Task1.V22.Test", "Tyuiu.FedorovaDA.Sprint6.Task1.V22.Test\Tyuiu.FedorovaDA.Sprint6.Task1.V22.Test.csproj", "{613649F6-3B97-4D65-9EA3-620DC76E260B}"
EndProject
Project("{2150E333-8FDC-42A3-9474-1A3956D46DE8}") = "Task2", "Task2", "{36BB5D7F-0016-4711-9A20-C773789164BB}"
EndProject
Project("{9A19103F-16F7-4668-BE54-9A1E7A4F7556}") = "Tyuiu.FedorovaDA.Sprint6.Task2.V4", "Tyuiu.FedorovaDA.Sprint6.Task2.V4\Tyuiu.FedorovaDA.Sprint6.Task2.V4.csproj", "{2935AE11-6AF5-47D5-B0AF-BC2C2D871BBA}"
EndProject
Project("{9A19103F-16F7-4668-BE54-9A1E7A4F7556}") = "Tyuiu.FedorovaDA.Sprint6.Task2.V4.Lib", "Tyuiu.FedorovaDA.Sprint6.Task2.V4.Lib\Tyuiu.FedorovaDA.Sprint6.Task2.V4.Lib.csproj", "{F9673090-3273-41C3-AAEB-CC5DC8C0A6B0}"
EndProject
Project("{9A19103F-16F7-4668-BE54-9A1E7A4F7556}") = "Tyuiu.FedorovaDA.Sprint6.Task2.V4.Test", "Tyuiu.FedorovaDA.Sprint6.Task2.V4.Test\Tyuiu.FedorovaDA.Sprint6.Task2.V4.Test.csproj", "{6C88C72D-97EF-4A8B-9231-4869282049A6}"
EndProject
Project("{2150E333-8FDC-42A3-9474-1A3956D46DE8}") = "Task3", "Task3", "{E93A4AF4-5BCC-4E8B-A2BE-823AF86438DD}"
EndProject
Project("{9A19103F-16F7-4668-BE54-9A1E7A4F7556}") = "Tyuiu.FedorovaDA.Sprint6.Task3.V11", "Tyuiu.FedorovaDA.Sprint6.Task3.V11\Tyuiu.FedorovaDA.Sprint6.Task3.V11.csproj", "{1F73E46B-CC74-4B19-B908-E2C4B9F3703C}"
EndProject
Project("{9A19103F-16F7-4668-BE54-9A1E7A4F7556}") = "Tyuiu.FedorovaDA.Sprint6.Task3.V11.Lib", "Tyuiu.FedorovaDA.Sprint6.Task3.V11.Lib\Tyuiu.FedorovaDA.Sprint6.Task3.V11.Lib.csproj", "{C451F42F-FC25-47A6-B6CE-76264F011480}"
EndProject
Project("{9A19103F-16F7-4668-BE54-9A1E7A4F7556}") = "Tyuiu.FedorovaDA.Sprint6.Task3.V11.Test", "Tyuiu.FedorovaDA.Sprint6.Task3.V11.Test\Tyuiu.FedorovaDA.Sprint6.Task3.V11.Test.csproj", "{9821ACD1-B888-4A5B-AF0C-233E33236F96}"
EndProject
Project("{2150E333-8FDC-42A3-9474-1A3956D46DE8}") = "Task4", "Task4", "{A582A058-88FC-4388-93C4-4A035944AB9F}"
EndProject
Project("{9A19103F-16F7-4668-BE54-9A1E7A4F7556}") = "Tyuiu.FedorovaDA.Sprint6.Task4.V11", "Tyuiu.FedorovaDA.Sprint6.Task4.V11\Tyuiu.FedorovaDA.Sprint6.Task4.V11.csproj", "{EB3E8021-4408-4393-B9BF-DF083D91863E}"
EndProject
Project("{9A19103F-16F7-4668-BE54-9A1E7A4F7556}") = "Tyuiu.FedorovaDA.Sprint6.Task4.V11.Lib", "Tyuiu.FedorovaDA.Sprint6.Task4.V11.Lib\Tyuiu.FedorovaDA.Sprint6.Task4.V11.Lib.csproj", "{6F13A7D5-A714-4BE4-BCBC-5C20F65FADC1}"
EndProject
Project("{9A19103F-16F7-4668-BE54-9A1E7A4F7556}") = "Tyuiu.FedorovaDA.Sprint6.Task4.V11.Test", "Tyuiu.FedorovaDA.Sprint6.Task4.V11.Test\Tyuiu.FedorovaDA.Sprint6.Task4.V11.Test.csproj", "{033C607E-FCC2-43BA-B69B-AE2AA623789A}"
EndProject
Project("{2150E333-8FDC-42A3-9474-1A3956D46DE8}") = "Task5", "Task5", "{9734EA4F-4CF7-4325-AEB3-83268E55DCAE}"
EndProject
Project("{9A19103F-16F7-4668-BE54-9A1E7A4F7556}") = "Tyuiu.FedorovaDA.Sprint6.Task5.V16", "Tyuiu.FedorovaDA.Sprint6.Task5.V16\Tyuiu.FedorovaDA.Sprint6.Task5.V16.csproj", "{47FB4CE9-FBDB-434C-9E47-4503E81D81A2}"
EndProject
Project("{9A19103F-16F7-4668-BE54-9A1E7A4F7556}") = "Tyuiu.FedorovaDA.Sprint6.Task5.V16.Lib", "Tyuiu.FedorovaDA.Sprint6.Task5.V16.Lib\Tyuiu.FedorovaDA.Sprint6.Task5.V16.Lib.csproj", "{E41E792E-8AC9-40ED-AEAA-2E511D4A70E7}"
EndProject
Project("{9A19103F-16F7-4668-BE54-9A1E7A4F7556}") = "Tyuiu.FedorovaDA.Sprint6.Task5.V16.Test", "Tyuiu.FedorovaDA.Sprint6.Task5.V16.Test\Tyuiu.FedorovaDA.Sprint6.Task5.V16.Test.csproj", "{554B185D-BBA9-497A-B413-FCA2CCF6327E}"
EndProject
Project("{2150E333-8FDC-42A3-9474-1A3956D46DE8}") = "Task6", "Task6", "{0B1EB4D5-DC8D-4236-AB1D-79A975AA6220}"
EndProject
Project("{9A19103F-16F7-4668-BE54-9A1E7A4F7556}") = "Tyuiu.FedorovaDA.Sprint6.Task6.V6", "Tyuiu.FedorovaDA.Sprint6.Task6.V6\Tyuiu.FedorovaDA.Sprint6.Task6.V6.csproj", "{EF9883D1-6B79-48DA-A3B5-AC787BD75CB7}"
EndProject
Project("{9A19103F-16F7-4668-BE54-9A1E7A4F7556}") = "Tyuiu.FedorovaDA.Sprint6.Task6.V6.Test", "Tyuiu.FedorovaDA.Sprint6.Task6.V6.Test\Tyuiu.FedorovaDA.Sprint6.Task6.V6.Test.csproj", "{35FF1FAC-1632-41A5-AAE5-61184D9483B9}"
EndProject
Project("{FAE04EC0-301F-11D3-BF4B-00C04F79EFBC}") = "Tyuiu.FedorovaDA.Sprint6.Task6.V6.Lib", "Tyuiu.FedorovaDA.Sprint6.Task6.V6.Lib\Tyuiu.FedorovaDA.Sprint6.Task6.V6.Lib.csproj", "{039C00A2-C1D0-47E2-BC3B-BE7EC1310714}"
EndProject
Global
	GlobalSection(SolutionConfigurationPlatforms) = preSolution
		Debug|Any CPU = Debug|Any CPU
		Release|Any CPU = Release|Any CPU
	EndGlobalSection
	GlobalSection(ProjectConfigurationPlatforms) = postSolution
		{B679F5BD-86BE-4E9E-933A-34204F548FEB}.Debug|Any CPU.ActiveCfg = Debug|Any CPU
		{B679F5BD-86BE-4E9E-933A-34204F548FEB}.Debug|Any CPU.Build.0 = Debug|Any CPU
		{B679F5BD-86BE-4E9E-933A-34204F548FEB}.Release|Any CPU.ActiveCfg = Release|Any CPU
		{B679F5BD-86BE-4E9E-933A-34204F548FEB}.Release|Any CPU.Build.0 = Release|Any CPU
		{3C8A5CF5-B545-4EFE-BAA8-54C8EB9A6825}.Debug|Any CPU.ActiveCfg = Debug|Any CPU
		{3C8A5CF5-B545-4EFE-BAA8-54C8EB9A6825}.Debug|Any CPU.Build.0 = Debug|Any CPU
		{3C8A5CF5-B545-4EFE-BAA8-54C8EB9A6825}.Release|Any CPU.ActiveCfg = Release|Any CPU
		{3C8A5CF5-B545-4EFE-BAA8-54C8EB9A6825}.Release|Any CPU.Build.0 = Release|Any CPU
		{4D1A0C41-7508-4E5B-9DDC-32DB966DC4F1}.Debug|Any CPU.ActiveCfg = Debug|Any CPU
		{4D1A0C41-7508-4E5B-9DDC-32DB966DC4F1}.Debug|Any CPU.Build.0 = Debug|Any CPU
		{4D1A0C41-7508-4E5B-9DDC-32DB966DC4F1}.Release|Any CPU.ActiveCfg = Release|Any CPU
		{4D1A0C41-7508-4E5B-9DDC-32DB966DC4F1}.Release|Any CPU.Build.0 = Release|Any CPU
		{7132D3A3-A122-451D-A3F1-8F392F55288D}.Debug|Any CPU.ActiveCfg = Debug|Any CPU
		{7132D3A3-A122-451D-A3F1-8F392F55288D}.Debug|Any CPU.Build.0 = Debug|Any CPU
		{7132D3A3-A122-451D-A3F1-8F392F55288D}.Release|Any CPU.ActiveCfg = Release|Any CPU
		{7132D3A3-A122-451D-A3F1-8F392F55288D}.Release|Any CPU.Build.0 = Release|Any CPU
		{0ACFF989-6E95-40A2-A293-FAB770D72AFA}.Debug|Any CPU.ActiveCfg = Debug|Any CPU
		{0ACFF989-6E95-40A2-A293-FAB770D72AFA}.Debug|Any CPU.Build.0 = Debug|Any CPU
		{0ACFF989-6E95-40A2-A293-FAB770D72AFA}.Release|Any CPU.ActiveCfg = Release|Any CPU
		{0ACFF989-6E95-40A2-A293-FAB770D72AFA}.Release|Any CPU.Build.0 = Release|Any CPU
		{613649F6-3B97-4D65-9EA3-620DC76E260B}.Debug|Any CPU.ActiveCfg = Debug|Any CPU
		{613649F6-3B97-4D65-9EA3-620DC76E260B}.Debug|Any CPU.Build.0 = Debug|Any CPU
		{613649F6-3B97-4D65-9EA3-620DC76E260B}.Release|Any CPU.ActiveCfg = Release|Any CPU
		{613649F6-3B97-4D65-9EA3-620DC76E260B}.Release|Any CPU.Build.0 = Release|Any CPU
		{2935AE11-6AF5-47D5-B0AF-BC2C2D871BBA}.Debug|Any CPU.ActiveCfg = Debug|Any CPU
		{2935AE11-6AF5-47D5-B0AF-BC2C2D871BBA}.Debug|Any CPU.Build.0 = Debug|Any CPU
		{2935AE11-6AF5-47D5-B0AF-BC2C2D871BBA}.Release|Any CPU.ActiveCfg = Release|Any CPU
		{2935AE11-6AF5-47D5-B0AF-BC2C2D871BBA}.Release|Any CPU.Build.0 = Release|Any CPU
		{F9673090-3273-41C3-AAEB-CC5DC8C0A6B0}.Debug|Any CPU.ActiveCfg = Debug|Any CPU
		{F9673090-3273-41C3-AAEB-CC5DC8C0A6B0}.Debug|Any CPU.Build.0 = Debug|Any CPU
		{F9673090-3273-41C3-AAEB-CC5DC8C0A6B0}.Release|Any CPU.ActiveCfg = Release|Any CPU
		{F9673090-3273-41C3-AAEB-CC5DC8C0A6B0}.Release|Any CPU.Build.0 = Release|Any CPU
		{6C88C72D-97EF-4A8B-9231-4869282049A6}.Debug|Any CPU.ActiveCfg = Debug|Any CPU
		{6C88C72D-97EF-4A8B-9231-4869282049A6}.Debug|Any CPU.Build.0 = Debug|Any CPU
		{6C88C72D-97EF-4A8B-9231-4869282049A6}.Release|Any CPU.ActiveCfg = Release|Any CPU
		{6C88C72D-97EF-4A8B-9231-4869282049A6}.Release|Any CPU.Build.0 = Release|Any CPU
		{1F73E46B-CC74-4B19-B908-E2C4B9F3703C}.Debug|Any CPU.ActiveCfg = Debug|Any CPU
		{1F73E46B-CC74-4B19-B908-E2C4B9F3703C}.Debug|Any CPU.Build.0 = Debug|Any CPU
		{1F73E46B-CC74-4B19-B908-E2C4B9F3703C}.Release|Any CPU.ActiveCfg = Release|Any CPU
		{1F73E46B-CC74-4B19-B908-E2C4B9F3703C}.Release|Any CPU.Build.0 = Release|Any CPU
		{C451F42F-FC25-47A6-B6CE-76264F011480}.Debug|Any CPU.ActiveCfg = Debug|Any CPU
		{C451F42F-FC25-47A6-B6CE-76264F011480}.Debug|Any CPU.Build.0 = Debug|Any CPU
		{C451F42F-FC25-47A6-B6CE-76264F011480}.Release|Any CPU.ActiveCfg = Release|Any CPU
		{C451F42F-FC25-47A6-B6CE-76264F011480}.Release|Any CPU.Build.0 = Release|Any CPU
		{9821ACD1-B888-4A5B-AF0C-233E33236F96}.Debug|Any CPU.ActiveCfg = Debug|Any CPU
		{9821ACD1-B888-4A5B-AF0C-233E33236F96}.Debug|Any CPU.Build.0 = Debug|Any CPU
		{9821ACD1-B888-4A5B-AF0C-233E33236F96}.Release|Any CPU.ActiveCfg = Release|Any CPU
		{9821ACD1-B888-4A5B-AF0C-233E33236F96}.Release|Any CPU.Build.0 = Release|Any CPU
		{EB3E8021-4408-4393-B9BF-DF083D91863E}.Debug|Any CPU.ActiveCfg = Debug|Any CPU
		{EB3E8021-4408-4393-B9BF-DF083D91863E}.Debug|Any CPU.Build.0 = Debug|Any CPU
		{EB3E8021-4408-4393-B9BF-DF083D91863E}.Release|Any CPU.ActiveCfg = Release|Any CPU
		{EB3E8021-4408-4393-B9BF-DF083D91863E}.Release|Any CPU.Build.0 = Release|Any CPU
		{6F13A7D5-A714-4BE4-BCBC-5C20F65FADC1}.Debug|Any CPU.ActiveCfg = Debug|Any CPU
		{6F13A7D5-A714-4BE4-BCBC-5C20F65FADC1}.Debug|Any CPU.Build.0 = Debug|Any CPU
		{6F13A7D5-A714-4BE4-BCBC-5C20F65FADC1}.Release|Any CPU.ActiveCfg = Release|Any CPU
		{6F13A7D5-A714-4BE4-BCBC-5C20F65FADC1}.Release|Any CPU.Build.0 = Release|Any CPU
		{033C607E-FCC2-43BA-B69B-AE2AA623789A}.Debug|Any CPU.ActiveCfg = Debug|Any CPU
		{033C607E-FCC2-43BA-B69B-AE2AA623789A}.Debug|Any CPU.Build.0 = Debug|Any CPU
		{033C607E-FCC2-43BA-B69B-AE2AA623789A}.Release|Any CPU.ActiveCfg = Release|Any CPU
		{033C607E-FCC2-43BA-B69B-AE2AA623789A}.Release|Any CPU.Build.0 = Release|Any CPU
		{47FB4CE9-FBDB-434C-9E47-4503E81D81A2}.Debug|Any CPU.ActiveCfg = Debug|Any CPU
		{47FB4CE9-FBDB-434C-9E47-4503E81D81A2}.Debug|Any CPU.Build.0 = Debug|Any CPU
		{47FB4CE9-FBDB-434C-9E47-4503E81D81A2}.Release|Any CPU.ActiveCfg = Release|Any CPU
		{47FB4CE9-FBDB-434C-9E47-4503E81D81A2}.Release|Any CPU.Build.0 = Release|Any CPU
		{E41E792E-8AC9-40ED-AEAA-2E511D4A70E7}.Debug|Any CPU.ActiveCfg = Debug|Any CPU
		{E41E792E-8AC9-40ED-AEAA-2E511D4A70E7}.Debug|Any CPU.Build.0 = Debug|Any CPU
		{E41E792E-8AC9-40ED-AEAA-2E511D4A70E7}.Release|Any CPU.ActiveCfg = Release|Any CPU
		{E41E792E-8AC9-40ED-AEAA-2E511D4A70E7}.Release|Any CPU.Build.0 = Release|Any CPU
		{554B185D-BBA9-497A-B413-FCA2CCF6327E}.Debug|Any CPU.ActiveCfg = Debug|Any CPU
		{554B185D-BBA9-497A-B413-FCA2CCF6327E}.Debug|Any CPU.Build.0 = Debug|Any CPU
		{554B185D-BBA9-497A-B413-FCA2CCF6327E}.Release|Any CPU.ActiveCfg = Release|Any CPU
		{554B185D-BBA9-497A-B413-FCA2CCF6327E}.Release|Any CPU.Build.0 = Release|Any CPU
		{EF9883D1-6B79-48DA-A3B5-AC787BD75CB7}.Debug|Any CPU.ActiveCfg = Debug|Any CPU
		{EF9883D1-6B79-48DA-A3B5-AC787BD75CB7}.Debug|Any CPU.Build.0 = Debug|Any CPU
		{EF9883D1-6B79-48DA-A3B5-AC787BD75CB7}.Release|Any CPU.ActiveCfg = Release|Any CPU
		{EF9883D1-6B79-48DA-A3B5-AC787BD75CB7}.Release|Any CPU.Build.0 = Release|Any CPU
		{35FF1FAC-1632-41A5-AAE5-61184D9483B9}.Debug|Any CPU.ActiveCfg = Debug|Any CPU
		{35FF1FAC-1632-41A5-AAE5-61184D9483B9}.Debug|Any CPU.Build.0 = Debug|Any CPU
		{35FF1FAC-1632-41A5-AAE5-61184D9483B9}.Release|Any CPU.ActiveCfg = Release|Any CPU
		{35FF1FAC-1632-41A5-AAE5-61184D9483B9}.Release|Any CPU.Build.0 = Release|Any CPU
		{039C00A2-C1D0-47E2-BC3B-BE7EC1310714}.Debug|Any CPU.ActiveCfg = Debug|Any CPU
		{039C00A2-C1D0-47E2-BC3B-BE7EC1310714}.Debug|Any CPU.Build.0 = Debug|Any CPU
		{039C00A2-C1D0-47E2-BC3B-BE7EC1310714}.Release|Any CPU.ActiveCfg = Release|Any CPU
		{039C00A2-C1D0-47E2-BC3B-BE7EC1310714}.Release|Any CPU.Build.0 = Release|Any CPU
	EndGlobalSection
	GlobalSection(SolutionProperties) = preSolution
		HideSolutionNode = FALSE
	EndGlobalSection
	GlobalSection(NestedProjects) = preSolution
		{B679F5BD-86BE-4E9E-933A-34204F548FEB} = {1EA52306-E064-4E7A-89C7-53370D965CA2}
		{3C8A5CF5-B545-4EFE-BAA8-54C8EB9A6825} = {1EA52306-E064-4E7A-89C7-53370D965CA2}
		{4D1A0C41-7508-4E5B-9DDC-32DB966DC4F1} = {1EA52306-E064-4E7A-89C7-53370D965CA2}
		{7132D3A3-A122-451D-A3F1-8F392F55288D} = {FB18D9AF-E36B-4342-AAA9-3558764521EE}
		{0ACFF989-6E95-40A2-A293-FAB770D72AFA} = {FB18D9AF-E36B-4342-AAA9-3558764521EE}
		{613649F6-3B97-4D65-9EA3-620DC76E260B} = {FB18D9AF-E36B-4342-AAA9-3558764521EE}
		{2935AE11-6AF5-47D5-B0AF-BC2C2D871BBA} = {36BB5D7F-0016-4711-9A20-C773789164BB}
		{F9673090-3273-41C3-AAEB-CC5DC8C0A6B0} = {36BB5D7F-0016-4711-9A20-C773789164BB}
		{6C88C72D-97EF-4A8B-9231-4869282049A6} = {36BB5D7F-0016-4711-9A20-C773789164BB}
		{1F73E46B-CC74-4B19-B908-E2C4B9F3703C} = {E93A4AF4-5BCC-4E8B-A2BE-823AF86438DD}
		{C451F42F-FC25-47A6-B6CE-76264F011480} = {E93A4AF4-5BCC-4E8B-A2BE-823AF86438DD}
		{9821ACD1-B888-4A5B-AF0C-233E33236F96} = {E93A4AF4-5BCC-4E8B-A2BE-823AF86438DD}
		{EB3E8021-4408-4393-B9BF-DF083D91863E} = {A582A058-88FC-4388-93C4-4A035944AB9F}
		{6F13A7D5-A714-4BE4-BCBC-5C20F65FADC1} = {A582A058-88FC-4388-93C4-4A035944AB9F}
		{033C607E-FCC2-43BA-B69B-AE2AA623789A} = {A582A058-88FC-4388-93C4-4A035944AB9F}
		{47FB4CE9-FBDB-434C-9E47-4503E81D81A2} = {9734EA4F-4CF7-4325-AEB3-83268E55DCAE}
		{E41E792E-8AC9-40ED-AEAA-2E511D4A70E7} = {9734EA4F-4CF7-4325-AEB3-83268E55DCAE}
		{554B185D-BBA9-497A-B413-FCA2CCF6327E} = {9734EA4F-4CF7-4325-AEB3-83268E55DCAE}
		{EF9883D1-6B79-48DA-A3B5-AC787BD75CB7} = {0B1EB4D5-DC8D-4236-AB1D-79A975AA6220}
		{35FF1FAC-1632-41A5-AAE5-61184D9483B9} = {0B1EB4D5-DC8D-4236-AB1D-79A975AA6220}
		{039C00A2-C1D0-47E2-BC3B-BE7EC1310714} = {0B1EB4D5-DC8D-4236-AB1D-79A975AA6220}
	EndGlobalSection
	GlobalSection(ExtensibilityGlobals) = postSolution
		SolutionGuid = {62FF1796-0E6D-437F-ABB9-58613C00EC33}
	EndGlobalSection
EndGlobal
